
Microsoft Visual Studio Solution File, Format Version 12.00
# Visual Studio Version 16
VisualStudioVersion = 16.0.32929.386
MinimumVisualStudioVersion = 10.0.40219.1
Project("{9A19103F-16F7-4668-BE54-9A1E7A4F7556}") = "Projeto01", "Projeto01\Projeto01.csproj", "{4EC6D183-E94A-4EB1-95A0-B74758EE32F4}"
EndProject
Project("{FAE04EC0-301F-11D3-BF4B-00C04F79EFBC}") = "Projeto02", "Projeto02\Projeto02.csproj", "{625B3D07-9F15-4BBC-9C37-2221D0536471}"
EndProject
Global
	GlobalSection(SolutionConfigurationPlatforms) = preSolution
		Debug|Any CPU = Debug|Any CPU
		Release|Any CPU = Release|Any CPU
	EndGlobalSection
	GlobalSection(ProjectConfigurationPlatforms) = postSolution
		{4EC6D183-E94A-4EB1-95A0-B74758EE32F4}.Debug|Any CPU.ActiveCfg = Debug|Any CPU
		{4EC6D183-E94A-4EB1-95A0-B74758EE32F4}.Debug|Any CPU.Build.0 = Debug|Any CPU
		{4EC6D183-E94A-4EB1-95A0-B74758EE32F4}.Release|Any CPU.ActiveCfg = Release|Any CPU
		{4EC6D183-E94A-4EB1-95A0-B74758EE32F4}.Release|Any CPU.Build.0 = Release|Any CPU
		{625B3D07-9F15-4BBC-9C37-2221D0536471}.Debug|Any CPU.ActiveCfg = Debug|Any CPU
		{625B3D07-9F15-4BBC-9C37-2221D0536471}.Debug|Any CPU.Build.0 = Debug|Any CPU
		{625B3D07-9F15-4BBC-9C37-2221D0536471}.Release|Any CPU.ActiveCfg = Release|Any CPU
		{625B3D07-9F15-4BBC-9C37-2221D0536471}.Release|Any CPU.Build.0 = Release|Any CPU
	EndGlobalSection
	GlobalSection(SolutionProperties) = preSolution
		HideSolutionNode = FALSE
	EndGlobalSection
	GlobalSection(ExtensibilityGlobals) = postSolution
		SolutionGuid = {257B79AF-7997-4ACA-805F-BA85BF142F22}
	EndGlobalSection
EndGlobal
